schema: '2.0'
stages:
  prepare:
    cmd: python src/prepare.py --config configs/params.yaml
    deps:
    - path: data/raw/california_housing.csv
      hash: md5
      md5: 6f5a4f067b70a5438f3fcda917fb25e1
      size: 1809127
    - path: src/prepare.py
      hash: md5
      md5: dab79f232ba4dacc082ef1b35693aa1e
      size: 1953
    params:
      params.yaml:
        base.seed: 42
        split.test_size: 0.2
    outs:
    - path: data/processed/test.parquet
      hash: md5
      md5: bfdf3a575efa364ffdbb84ff448f936c
      size: 261684
    - path: data/processed/train.parquet
      hash: md5
      md5: b509d2b3ad7c59a77a53cd09e7a80f5c
      size: 940037
  train:
    cmd: python src/train.py --config configs/params.yaml
    deps:
    - path: data/processed/train.parquet
      hash: md5
      md5: b509d2b3ad7c59a77a53cd09e7a80f5c
      size: 940037
    - path: src/train.py
      hash: md5
      md5: 89de06229c0f65983b0928f439a38f53
      size: 1840
    params:
      params.yaml:
        base.seed: 42
        train.learning_rate: 0.05
        train.max_depth: 6
        train.n_estimators: 250
        train.num_leaves: 31
    outs:
    - path: models/model.pkl
      hash: md5
      md5: acaad7535b3a302baac439dbc88fee21
      size: 708316
  evaluate:
    cmd: python src/evaluate.py --config configs/params.yaml
    deps:
    - path: data/processed/test.parquet
      hash: md5
      md5: bfdf3a575efa364ffdbb84ff448f936c
      size: 261684
    - path: models/model.pkl
      hash: md5
      md5: acaad7535b3a302baac439dbc88fee21
      size: 708316
    - path: src/evaluate.py
      hash: md5
      md5: 66a534e0861d79a8906e9ce16103ecf1
      size: 2355
    outs:
    - path: metrics/eval.json
      hash: md5
      md5: e6f437cb762a4b146a14a54a884e0477
      size: 167
